
Microsoft Visual Studio Solution File, Format Version 12.00
# Visual Studio 2013
VisualStudioVersion = 12.0.31101.0
MinimumVisualStudioVersion = 10.0.40219.1
Project("{2150E333-8FDC-42A3-9474-1A3956D46DE8}") = "BLL", "BLL", "{9227CC8D-3BAF-4777-8D04-336414C78EC9}"
EndProject
Project("{2150E333-8FDC-42A3-9474-1A3956D46DE8}") = "DAL", "DAL", "{37B817E6-B2FF-40A0-93D7-B8CC93562EDB}"
EndProject
Project("{2150E333-8FDC-42A3-9474-1A3956D46DE8}") = "Web", "Web", "{79EFD256-4F2C-43C7-97E2-3431E59BB0D6}"
EndProject
Project("{2150E333-8FDC-42A3-9474-1A3956D46DE8}") = "Model", "Model", "{E243B72B-1B22-4DE9-B591-8BBF610138CA}"
EndProject
Project("{2150E333-8FDC-42A3-9474-1A3956D46DE8}") = "IBLL", "IBLL", "{79543B80-0F3A-4F2E-845A-E730EA51EAAC}"
EndProject
Project("{FAE04EC0-301F-11D3-BF4B-00C04F79EFBC}") = "IES.CC.Model", "IES.CC.Model\IES.CC.Model.csproj", "{93A1E0E7-A049-4EA7-B349-845A81462D42}"
EndProject
Project("{FAE04EC0-301F-11D3-BF4B-00C04F79EFBC}") = "IES.G2S.CourseLive.DAL", "IES.G2S.CourseLive.DAL\IES.G2S.CourseLive.DAL.csproj", "{051F569B-8891-4DA7-BBB9-61D2E404B124}"
EndProject
Project("{FAE04EC0-301F-11D3-BF4B-00C04F79EFBC}") = "IES.G2S.CourseLive.BLL", "IES.G2S.CourseLive.BLL\IES.G2S.CourseLive.BLL.csproj", "{F8E33182-C952-4E25-9548-ADCC088A67D9}"
EndProject
Project("{FAE04EC0-301F-11D3-BF4B-00C04F79EFBC}") = "IES.G2S.CoursLive.IBLL", "IES.G2S.CoursLive.IBLL\IES.G2S.CoursLive.IBLL.csproj", "{353179D4-AF57-4B5B-B097-BAB9E4891043}"
EndProject
Project("{FAE04EC0-301F-11D3-BF4B-00C04F79EFBC}") = "G2S", "G2S\G2S.csproj", "{09806F9B-2C02-4ABF-8E1B-82F5D2E2EF62}"
EndProject
Project("{FAE04EC0-301F-11D3-BF4B-00C04F79EFBC}") = "IES2.web", "IES2.web\IES2.web.csproj", "{3A46EBAA-FB0E-40AC-A57F-DC054826A7D2}"
EndProject
Global
	GlobalSection(SolutionConfigurationPlatforms) = preSolution
		Debug|Any CPU = Debug|Any CPU
		Release|Any CPU = Release|Any CPU
	EndGlobalSection
	GlobalSection(ProjectConfigurationPlatforms) = postSolution
		{93A1E0E7-A049-4EA7-B349-845A81462D42}.Debug|Any CPU.ActiveCfg = Debug|Any CPU
		{93A1E0E7-A049-4EA7-B349-845A81462D42}.Debug|Any CPU.Build.0 = Debug|Any CPU
		{93A1E0E7-A049-4EA7-B349-845A81462D42}.Release|Any CPU.ActiveCfg = Release|Any CPU
		{93A1E0E7-A049-4EA7-B349-845A81462D42}.Release|Any CPU.Build.0 = Release|Any CPU
		{051F569B-8891-4DA7-BBB9-61D2E404B124}.Debug|Any CPU.ActiveCfg = Debug|Any CPU
		{051F569B-8891-4DA7-BBB9-61D2E404B124}.Debug|Any CPU.Build.0 = Debug|Any CPU
		{051F569B-8891-4DA7-BBB9-61D2E404B124}.Release|Any CPU.ActiveCfg = Release|Any CPU
		{051F569B-8891-4DA7-BBB9-61D2E404B124}.Release|Any CPU.Build.0 = Release|Any CPU
		{F8E33182-C952-4E25-9548-ADCC088A67D9}.Debug|Any CPU.ActiveCfg = Debug|Any CPU
		{F8E33182-C952-4E25-9548-ADCC088A67D9}.Debug|Any CPU.Build.0 = Debug|Any CPU
		{F8E33182-C952-4E25-9548-ADCC088A67D9}.Release|Any CPU.ActiveCfg = Release|Any CPU
		{F8E33182-C952-4E25-9548-ADCC088A67D9}.Release|Any CPU.Build.0 = Release|Any CPU
		{353179D4-AF57-4B5B-B097-BAB9E4891043}.Debug|Any CPU.ActiveCfg = Debug|Any CPU
		{353179D4-AF57-4B5B-B097-BAB9E4891043}.Debug|Any CPU.Build.0 = Debug|Any CPU
		{353179D4-AF57-4B5B-B097-BAB9E4891043}.Release|Any CPU.ActiveCfg = Release|Any CPU
		{353179D4-AF57-4B5B-B097-BAB9E4891043}.Release|Any CPU.Build.0 = Release|Any CPU
		{09806F9B-2C02-4ABF-8E1B-82F5D2E2EF62}.Debug|Any CPU.ActiveCfg = Debug|Any CPU
		{09806F9B-2C02-4ABF-8E1B-82F5D2E2EF62}.Debug|Any CPU.Build.0 = Debug|Any CPU
		{09806F9B-2C02-4ABF-8E1B-82F5D2E2EF62}.Release|Any CPU.ActiveCfg = Release|Any CPU
		{09806F9B-2C02-4ABF-8E1B-82F5D2E2EF62}.Release|Any CPU.Build.0 = Release|Any CPU
		{3A46EBAA-FB0E-40AC-A57F-DC054826A7D2}.Debug|Any CPU.ActiveCfg = Debug|Any CPU
		{3A46EBAA-FB0E-40AC-A57F-DC054826A7D2}.Debug|Any CPU.Build.0 = Debug|Any CPU
		{3A46EBAA-FB0E-40AC-A57F-DC054826A7D2}.Release|Any CPU.ActiveCfg = Release|Any CPU
		{3A46EBAA-FB0E-40AC-A57F-DC054826A7D2}.Release|Any CPU.Build.0 = Release|Any CPU
	EndGlobalSection
	GlobalSection(SolutionProperties) = preSolution
		HideSolutionNode = FALSE
	EndGlobalSection
	GlobalSection(NestedProjects) = preSolution
		{93A1E0E7-A049-4EA7-B349-845A81462D42} = {E243B72B-1B22-4DE9-B591-8BBF610138CA}
		{051F569B-8891-4DA7-BBB9-61D2E404B124} = {37B817E6-B2FF-40A0-93D7-B8CC93562EDB}
		{F8E33182-C952-4E25-9548-ADCC088A67D9} = {9227CC8D-3BAF-4777-8D04-336414C78EC9}
		{353179D4-AF57-4B5B-B097-BAB9E4891043} = {79543B80-0F3A-4F2E-845A-E730EA51EAAC}
		{09806F9B-2C02-4ABF-8E1B-82F5D2E2EF62} = {79EFD256-4F2C-43C7-97E2-3431E59BB0D6}
		{3A46EBAA-FB0E-40AC-A57F-DC054826A7D2} = {79EFD256-4F2C-43C7-97E2-3431E59BB0D6}
	EndGlobalSection
EndGlobal
